
Microsoft Visual Studio Solution File, Format Version 12.00
# Visual Studio Version 16
VisualStudioVersion = 16.0.31702.278
MinimumVisualStudioVersion = 10.0.40219.1
Project("{FAE04EC0-301F-11D3-BF4B-00C04F79EFBC}") = "clown", "clown\clown.csproj", "{7FB4E83A-84FD-4A73-9B5B-16206F5EFD1F}"
EndProject
Global
	GlobalSection(SolutionConfigurationPlatforms) = preSolution
		Debug|Any CPU = Debug|Any CPU
		Release|Any CPU = Release|Any CPU
	EndGlobalSection
	GlobalSection(ProjectConfigurationPlatforms) = postSolution
		{7FB4E83A-84FD-4A73-9B5B-16206F5EFD1F}.Debug|Any CPU.ActiveCfg = Debug|Any CPU
		{7FB4E83A-84FD-4A73-9B5B-16206F5EFD1F}.Debug|Any CPU.Build.0 = Debug|Any CPU
		{7FB4E83A-84FD-4A73-9B5B-16206F5EFD1F}.Release|Any CPU.ActiveCfg = Release|Any CPU
		{7FB4E83A-84FD-4A73-9B5B-16206F5EFD1F}.Release|Any CPU.Build.0 = Release|Any CPU
	EndGlobalSection
	GlobalSection(SolutionProperties) = preSolution
		HideSolutionNode = FALSE
	EndGlobalSection
	GlobalSection(ExtensibilityGlobals) = postSolution
		SolutionGuid = {AAF82819-1A57-4736-8B21-17A7983EB22F}
	EndGlobalSection
EndGlobal
